
Microsoft Visual Studio Solution File, Format Version 12.00
# Visual Studio Version 17
VisualStudioVersion = 17.4.33110.190
MinimumVisualStudioVersion = 10.0.40219.1
Project("{2150E333-8FDC-42A3-9474-1A3956D46DE8}") = "Services", "Services", "{E801484E-0AD7-48B7-AFD4-D0FBD8A0B5C8}"
EndProject
Project("{2150E333-8FDC-42A3-9474-1A3956D46DE8}") = "ApiGateway", "ApiGateway", "{8FB3DA10-2FAC-485D-99CF-0633EB6FBB52}"
EndProject
Project("{2150E333-8FDC-42A3-9474-1A3956D46DE8}") = "CatalogService", "CatalogService", "{8F91E7F3-E269-4944-97C5-5731346A756C}"
EndProject
Project("{9A19103F-16F7-4668-BE54-9A1E7A4F7556}") = "CatalogService.Api", "Services\CatalogService\CatalogService.Api\CatalogService.Api.csproj", "{F68C6C7C-BD9E-4C42-BFC3-FA24D0573321}"
EndProject
Project("{9A19103F-16F7-4668-BE54-9A1E7A4F7556}") = "ApiGateway.Api", "ApiGateway\ApiGateway.Api\ApiGateway.Api.csproj", "{3D498725-F7BC-44D5-AE26-963C212CFA86}"
EndProject
Project("{2150E333-8FDC-42A3-9474-1A3956D46DE8}") = "OrderService", "OrderService", "{7F658E19-4803-4966-B0A4-416D8102FEDE}"
EndProject
Project("{2150E333-8FDC-42A3-9474-1A3956D46DE8}") = "BasketService", "BasketService", "{893056E2-457D-4121-8D52-24C9CD64FBDC}"
EndProject
Project("{2150E333-8FDC-42A3-9474-1A3956D46DE8}") = "IdentityService", "IdentityService", "{16670BC2-CD3B-48AF-8AE0-E9A4F81189C4}"
EndProject
Project("{2150E333-8FDC-42A3-9474-1A3956D46DE8}") = "NotificationService", "NotificationService", "{56F9BB76-9867-4E7E-B459-885ACCCB1DFC}"
EndProject
Project("{9A19103F-16F7-4668-BE54-9A1E7A4F7556}") = "BasketService.Api", "Services\BasketService\BasketService.Api\BasketService.Api.csproj", "{B19CCBEF-AFCB-4CDE-95E5-1A3A7640251A}"
EndProject
Project("{9A19103F-16F7-4668-BE54-9A1E7A4F7556}") = "IdentityService.Api", "Services\IdentityService\IdentityService.Api\IdentityService.Api.csproj", "{A34CC68E-B5FB-412B-917D-7D599ACAF0A1}"
EndProject
Project("{9A19103F-16F7-4668-BE54-9A1E7A4F7556}") = "OrderService.Api", "Services\OrderService\OrderService.Api\OrderService.Api.csproj", "{D32A69D9-6644-46AF-9B41-E08802CF9515}"
EndProject
Project("{9A19103F-16F7-4668-BE54-9A1E7A4F7556}") = "NotificationService.Api", "Services\NotificationService\NotificationService.Api\NotificationService.Api.csproj", "{BA981C12-FFB6-4906-BF1B-C65063FCD613}"
EndProject
Project("{2150E333-8FDC-42A3-9474-1A3956D46DE8}") = "Shared", "Shared", "{EB9AEAC8-114C-4904-9AD4-405F413D1EF9}"
EndProject
Project("{9A19103F-16F7-4668-BE54-9A1E7A4F7556}") = "CorePackage", "Shared\CorePackage\CorePackage.csproj", "{E472B507-1FF1-43B8-AF6A-1BF9E17DA755}"
EndProject
Project("{9A19103F-16F7-4668-BE54-9A1E7A4F7556}") = "CatalogService.DataAccess", "Services\CatalogService\CatalogService.DataAccess\CatalogService.DataAccess.csproj", "{DD52342E-85F2-4C60-ADB5-7D2C52E18899}"
EndProject
Project("{9A19103F-16F7-4668-BE54-9A1E7A4F7556}") = "CatalogService.Business", "Services\CatalogService\CatalogService.Business\CatalogService.Business.csproj", "{2988AA09-6B9A-476D-BFFF-5E8DF3268DEB}"
EndProject
Project("{9A19103F-16F7-4668-BE54-9A1E7A4F7556}") = "CatalogService.Entities", "Services\CatalogService\CatalogService.Entities\CatalogService.Entities.csproj", "{C2C2BDF0-D027-4286-AC0C-04228E490697}"
EndProject
Project("{FAE04EC0-301F-11D3-BF4B-00C04F79EFBC}") = "BasketService.DataAccess", "Services\BasketService\BasketService.DataAccess\BasketService.DataAccess.csproj", "{7B1C03BD-50B7-4207-B2C1-83F712A92803}"
EndProject
Project("{FAE04EC0-301F-11D3-BF4B-00C04F79EFBC}") = "BasketService.Entities", "Services\BasketService\BasketService.Entities\BasketService.Entities.csproj", "{56292089-B240-4AB6-9C1C-FBC8082FB911}"
EndProject
Project("{FAE04EC0-301F-11D3-BF4B-00C04F79EFBC}") = "BasketService.Business", "Services\BasketService\BasketService.Business\BasketService.Business.csproj", "{88CF3B4A-CB25-4C07-AFCB-0DDAE4D3D901}"
EndProject
Global
	GlobalSection(SolutionConfigurationPlatforms) = preSolution
		Debug|Any CPU = Debug|Any CPU
		Release|Any CPU = Release|Any CPU
	EndGlobalSection
	GlobalSection(ProjectConfigurationPlatforms) = postSolution
		{F68C6C7C-BD9E-4C42-BFC3-FA24D0573321}.Debug|Any CPU.ActiveCfg = Debug|Any CPU
		{F68C6C7C-BD9E-4C42-BFC3-FA24D0573321}.Debug|Any CPU.Build.0 = Debug|Any CPU
		{F68C6C7C-BD9E-4C42-BFC3-FA24D0573321}.Release|Any CPU.ActiveCfg = Release|Any CPU
		{F68C6C7C-BD9E-4C42-BFC3-FA24D0573321}.Release|Any CPU.Build.0 = Release|Any CPU
		{3D498725-F7BC-44D5-AE26-963C212CFA86}.Debug|Any CPU.ActiveCfg = Debug|Any CPU
		{3D498725-F7BC-44D5-AE26-963C212CFA86}.Debug|Any CPU.Build.0 = Debug|Any CPU
		{3D498725-F7BC-44D5-AE26-963C212CFA86}.Release|Any CPU.ActiveCfg = Release|Any CPU
		{3D498725-F7BC-44D5-AE26-963C212CFA86}.Release|Any CPU.Build.0 = Release|Any CPU
		{B19CCBEF-AFCB-4CDE-95E5-1A3A7640251A}.Debug|Any CPU.ActiveCfg = Debug|Any CPU
		{B19CCBEF-AFCB-4CDE-95E5-1A3A7640251A}.Debug|Any CPU.Build.0 = Debug|Any CPU
		{B19CCBEF-AFCB-4CDE-95E5-1A3A7640251A}.Release|Any CPU.ActiveCfg = Release|Any CPU
		{B19CCBEF-AFCB-4CDE-95E5-1A3A7640251A}.Release|Any CPU.Build.0 = Release|Any CPU
		{A34CC68E-B5FB-412B-917D-7D599ACAF0A1}.Debug|Any CPU.ActiveCfg = Debug|Any CPU
		{A34CC68E-B5FB-412B-917D-7D599ACAF0A1}.Debug|Any CPU.Build.0 = Debug|Any CPU
		{A34CC68E-B5FB-412B-917D-7D599ACAF0A1}.Release|Any CPU.ActiveCfg = Release|Any CPU
		{A34CC68E-B5FB-412B-917D-7D599ACAF0A1}.Release|Any CPU.Build.0 = Release|Any CPU
		{D32A69D9-6644-46AF-9B41-E08802CF9515}.Debug|Any CPU.ActiveCfg = Debug|Any CPU
		{D32A69D9-6644-46AF-9B41-E08802CF9515}.Debug|Any CPU.Build.0 = Debug|Any CPU
		{D32A69D9-6644-46AF-9B41-E08802CF9515}.Release|Any CPU.ActiveCfg = Release|Any CPU
		{D32A69D9-6644-46AF-9B41-E08802CF9515}.Release|Any CPU.Build.0 = Release|Any CPU
		{BA981C12-FFB6-4906-BF1B-C65063FCD613}.Debug|Any CPU.ActiveCfg = Debug|Any CPU
		{BA981C12-FFB6-4906-BF1B-C65063FCD613}.Debug|Any CPU.Build.0 = Debug|Any CPU
		{BA981C12-FFB6-4906-BF1B-C65063FCD613}.Release|Any CPU.ActiveCfg = Release|Any CPU
		{BA981C12-FFB6-4906-BF1B-C65063FCD613}.Release|Any CPU.Build.0 = Release|Any CPU
		{E472B507-1FF1-43B8-AF6A-1BF9E17DA755}.Debug|Any CPU.ActiveCfg = Debug|Any CPU
		{E472B507-1FF1-43B8-AF6A-1BF9E17DA755}.Debug|Any CPU.Build.0 = Debug|Any CPU
		{E472B507-1FF1-43B8-AF6A-1BF9E17DA755}.Release|Any CPU.ActiveCfg = Release|Any CPU
		{E472B507-1FF1-43B8-AF6A-1BF9E17DA755}.Release|Any CPU.Build.0 = Release|Any CPU
		{DD52342E-85F2-4C60-ADB5-7D2C52E18899}.Debug|Any CPU.ActiveCfg = Debug|Any CPU
		{DD52342E-85F2-4C60-ADB5-7D2C52E18899}.Debug|Any CPU.Build.0 = Debug|Any CPU
		{DD52342E-85F2-4C60-ADB5-7D2C52E18899}.Release|Any CPU.ActiveCfg = Release|Any CPU
		{DD52342E-85F2-4C60-ADB5-7D2C52E18899}.Release|Any CPU.Build.0 = Release|Any CPU
		{2988AA09-6B9A-476D-BFFF-5E8DF3268DEB}.Debug|Any CPU.ActiveCfg = Debug|Any CPU
		{2988AA09-6B9A-476D-BFFF-5E8DF3268DEB}.Debug|Any CPU.Build.0 = Debug|Any CPU
		{2988AA09-6B9A-476D-BFFF-5E8DF3268DEB}.Release|Any CPU.ActiveCfg = Release|Any CPU
		{2988AA09-6B9A-476D-BFFF-5E8DF3268DEB}.Release|Any CPU.Build.0 = Release|Any CPU
		{C2C2BDF0-D027-4286-AC0C-04228E490697}.Debug|Any CPU.ActiveCfg = Debug|Any CPU
		{C2C2BDF0-D027-4286-AC0C-04228E490697}.Debug|Any CPU.Build.0 = Debug|Any CPU
		{C2C2BDF0-D027-4286-AC0C-04228E490697}.Release|Any CPU.ActiveCfg = Release|Any CPU
		{C2C2BDF0-D027-4286-AC0C-04228E490697}.Release|Any CPU.Build.0 = Release|Any CPU
		{7B1C03BD-50B7-4207-B2C1-83F712A92803}.Debug|Any CPU.ActiveCfg = Debug|Any CPU
		{7B1C03BD-50B7-4207-B2C1-83F712A92803}.Debug|Any CPU.Build.0 = Debug|Any CPU
		{7B1C03BD-50B7-4207-B2C1-83F712A92803}.Release|Any CPU.ActiveCfg = Release|Any CPU
		{7B1C03BD-50B7-4207-B2C1-83F712A92803}.Release|Any CPU.Build.0 = Release|Any CPU
		{56292089-B240-4AB6-9C1C-FBC8082FB911}.Debug|Any CPU.ActiveCfg = Debug|Any CPU
		{56292089-B240-4AB6-9C1C-FBC8082FB911}.Debug|Any CPU.Build.0 = Debug|Any CPU
		{56292089-B240-4AB6-9C1C-FBC8082FB911}.Release|Any CPU.ActiveCfg = Release|Any CPU
		{56292089-B240-4AB6-9C1C-FBC8082FB911}.Release|Any CPU.Build.0 = Release|Any CPU
		{88CF3B4A-CB25-4C07-AFCB-0DDAE4D3D901}.Debug|Any CPU.ActiveCfg = Debug|Any CPU
		{88CF3B4A-CB25-4C07-AFCB-0DDAE4D3D901}.Debug|Any CPU.Build.0 = Debug|Any CPU
		{88CF3B4A-CB25-4C07-AFCB-0DDAE4D3D901}.Release|Any CPU.ActiveCfg = Release|Any CPU
		{88CF3B4A-CB25-4C07-AFCB-0DDAE4D3D901}.Release|Any CPU.Build.0 = Release|Any CPU
	EndGlobalSection
	GlobalSection(SolutionProperties) = preSolution
		HideSolutionNode = FALSE
	EndGlobalSection
	GlobalSection(NestedProjects) = preSolution
		{8F91E7F3-E269-4944-97C5-5731346A756C} = {E801484E-0AD7-48B7-AFD4-D0FBD8A0B5C8}
		{F68C6C7C-BD9E-4C42-BFC3-FA24D0573321} = {8F91E7F3-E269-4944-97C5-5731346A756C}
		{3D498725-F7BC-44D5-AE26-963C212CFA86} = {8FB3DA10-2FAC-485D-99CF-0633EB6FBB52}
		{7F658E19-4803-4966-B0A4-416D8102FEDE} = {E801484E-0AD7-48B7-AFD4-D0FBD8A0B5C8}
		{893056E2-457D-4121-8D52-24C9CD64FBDC} = {E801484E-0AD7-48B7-AFD4-D0FBD8A0B5C8}
		{16670BC2-CD3B-48AF-8AE0-E9A4F81189C4} = {E801484E-0AD7-48B7-AFD4-D0FBD8A0B5C8}
		{56F9BB76-9867-4E7E-B459-885ACCCB1DFC} = {E801484E-0AD7-48B7-AFD4-D0FBD8A0B5C8}
		{B19CCBEF-AFCB-4CDE-95E5-1A3A7640251A} = {893056E2-457D-4121-8D52-24C9CD64FBDC}
		{A34CC68E-B5FB-412B-917D-7D599ACAF0A1} = {16670BC2-CD3B-48AF-8AE0-E9A4F81189C4}
		{D32A69D9-6644-46AF-9B41-E08802CF9515} = {7F658E19-4803-4966-B0A4-416D8102FEDE}
		{BA981C12-FFB6-4906-BF1B-C65063FCD613} = {56F9BB76-9867-4E7E-B459-885ACCCB1DFC}
		{E472B507-1FF1-43B8-AF6A-1BF9E17DA755} = {EB9AEAC8-114C-4904-9AD4-405F413D1EF9}
		{DD52342E-85F2-4C60-ADB5-7D2C52E18899} = {8F91E7F3-E269-4944-97C5-5731346A756C}
		{2988AA09-6B9A-476D-BFFF-5E8DF3268DEB} = {8F91E7F3-E269-4944-97C5-5731346A756C}
		{C2C2BDF0-D027-4286-AC0C-04228E490697} = {8F91E7F3-E269-4944-97C5-5731346A756C}
		{7B1C03BD-50B7-4207-B2C1-83F712A92803} = {893056E2-457D-4121-8D52-24C9CD64FBDC}
		{56292089-B240-4AB6-9C1C-FBC8082FB911} = {893056E2-457D-4121-8D52-24C9CD64FBDC}
		{88CF3B4A-CB25-4C07-AFCB-0DDAE4D3D901} = {893056E2-457D-4121-8D52-24C9CD64FBDC}
	EndGlobalSection
	GlobalSection(ExtensibilityGlobals) = postSolution
		SolutionGuid = {B14014A7-B12B-4A1B-B3D7-FB445B1C5CE8}
	EndGlobalSection
EndGlobal
